// !$*UTF8*$!
{
	archiveVersion = 1;
	classes = {
	};
	objectVersion = 50;
	objects = {

/* Begin PBXBuildFile section */
		307FBA522432DFCB0030785F /* AppDelegate.swift in Sources */ = {isa = PBXBuildFile; fileRef = 307FBA512432DFCB0030785F /* AppDelegate.swift */; };
		307FBA542432DFCB0030785F /* SceneDelegate.swift in Sources */ = {isa = PBXBuildFile; fileRef = 307FBA532432DFCB0030785F /* SceneDelegate.swift */; };
		307FBA562432DFCB0030785F /* CalculatorView.swift in Sources */ = {isa = PBXBuildFile; fileRef = 307FBA552432DFCB0030785F /* CalculatorView.swift */; };
		307FBA582432DFD10030785F /* Assets.xcassets in Resources */ = {isa = PBXBuildFile; fileRef = 307FBA572432DFD10030785F /* Assets.xcassets */; };
		307FBA5B2432DFD10030785F /* Preview Assets.xcassets in Resources */ = {isa = PBXBuildFile; fileRef = 307FBA5A2432DFD10030785F /* Preview Assets.xcassets */; };
		307FBA5E2432DFD10030785F /* LaunchScreen.storyboard in Resources */ = {isa = PBXBuildFile; fileRef = 307FBA5C2432DFD10030785F /* LaunchScreen.storyboard */; };
		307FBA662433A9370030785F /* TemplateImage.swift in Sources */ = {isa = PBXBuildFile; fileRef = 307FBA652433A9370030785F /* TemplateImage.swift */; };
		307FBA682433B0660030785F /* TemplateUIKitMap.swift in Sources */ = {isa = PBXBuildFile; fileRef = 307FBA672433B0660030785F /* TemplateUIKitMap.swift */; };
/* End PBXBuildFile section */

/* Begin PBXFileReference section */
		307FBA4E2432DFCB0030785F /* Landmarks.app */ = {isa = PBXFileReference; explicitFileType = wrapper.application; includeInIndex = 0; path = Landmarks.app; sourceTree = BUILT_PRODUCTS_DIR; };
		307FBA512432DFCB0030785F /* AppDelegate.swift */ = {isa = PBXFileReference; lastKnownFileType = sourcecode.swift; path = AppDelegate.swift; sourceTree = "<group>"; };
		307FBA532432DFCB0030785F /* SceneDelegate.swift */ = {isa = PBXFileReference; lastKnownFileType = sourcecode.swift; path = SceneDelegate.swift; sourceTree = "<group>"; };
		307FBA552432DFCB0030785F /* CalculatorView.swift */ = {isa = PBXFileReference; lastKnownFileType = sourcecode.swift; path = CalculatorView.swift; sourceTree = "<group>"; };
		307FBA572432DFD10030785F /* Assets.xcassets */ = {isa = PBXFileReference; lastKnownFileType = folder.assetcatalog; path = Assets.xcassets; sourceTree = "<group>"; };
		307FBA5A2432DFD10030785F /* Preview Assets.xcassets */ = {isa = PBXFileReference; lastKnownFileType = folder.assetcatalog; path = "Preview Assets.xcassets"; sourceTree = "<group>"; };
		307FBA5D2432DFD10030785F /* Base */ = {isa = PBXFileReference; lastKnownFileType = file.storyboard; name = Base; path = Base.lproj/LaunchScreen.storyboard; sourceTree = "<group>"; };
		307FBA5F2432DFD10030785F /* Info.plist */ = {isa = PBXFileReference; lastKnownFileType = text.plist.xml; path = Info.plist; sourceTree = "<group>"; };
		307FBA652433A9370030785F /* TemplateImage.swift */ = {isa = PBXFileReference; lastKnownFileType = sourcecode.swift; path = TemplateImage.swift; sourceTree = "<group>"; };
		307FBA672433B0660030785F /* TemplateUIKitMap.swift */ = {isa = PBXFileReference; lastKnownFileType = sourcecode.swift; path = TemplateUIKitMap.swift; sourceTree = "<group>"; };
/* End PBXFileReference section */

/* Begin PBXFrameworksBuildPhase section */
		307FBA4B2432DFCB0030785F /* Frameworks */ = {
			isa = PBXFrameworksBuildPhase;
			buildActionMask = 2147483647;
			files = (
			);
			runOnlyForDeploymentPostprocessing = 0;
		};
/* End PBXFrameworksBuildPhase section */

/* Begin PBXGroup section */
		307FBA452432DFCB0030785F = {
			isa = PBXGroup;
			children = (
				307FBA502432DFCB0030785F /* Landmarks */,
				307FBA4F2432DFCB0030785F /* Products */,
			);
			sourceTree = "<group>";
		};
		307FBA4F2432DFCB0030785F /* Products */ = {
			isa = PBXGroup;
			children = (
				307FBA4E2432DFCB0030785F /* Landmarks.app */,
			);
			name = Products;
			sourceTree = "<group>";
		};
		307FBA502432DFCB0030785F /* Landmarks */ = {
			isa = PBXGroup;
			children = (
				307FBA512432DFCB0030785F /* AppDelegate.swift */,
				307FBA532432DFCB0030785F /* SceneDelegate.swift */,
				307FBA552432DFCB0030785F /* CalculatorView.swift */,
				307FBA572432DFD10030785F /* Assets.xcassets */,
				307FBA5C2432DFD10030785F /* LaunchScreen.storyboard */,
				307FBA5F2432DFD10030785F /* Info.plist */,
				307FBA592432DFD10030785F /* Preview Content */,
				307FBA652433A9370030785F /* TemplateImage.swift */,
				307FBA672433B0660030785F /* TemplateUIKitMap.swift */,
			);
			path = Landmarks;
			sourceTree = "<group>";
		};
		307FBA592432DFD10030785F /* Preview Content */ = {
			isa = PBXGroup;
			children = (
				307FBA5A2432DFD10030785F /* Preview Assets.xcassets */,
			);
			path = "Preview Content";
			sourceTree = "<group>";
		};
/* End PBXGroup section */

/* Begin PBXNativeTarget section */
		307FBA4D2432DFCB0030785F /* Landmarks */ = {
			isa = PBXNativeTarget;
			buildConfigurationList = 307FBA622432DFD10030785F /* Build configuration list for PBXNativeTarget "Landmarks" */;
			buildPhases = (
				307FBA4A2432DFCB0030785F /* Sources */,
				307FBA4B2432DFCB0030785F /* Frameworks */,
				307FBA4C2432DFCB0030785F /* Resources */,
			);
			buildRules = (
			);
			dependencies = (
			);
			name = Landmarks;
			productName = Landmarks;
			productReference = 307FBA4E2432DFCB0030785F /* Landmarks.app */;
			productType = "com.apple.product-type.application";
		};
/* End PBXNativeTarget section */

/* Begin PBXProject section */
		307FBA462432DFCB0030785F /* Project object */ = {
			isa = PBXProject;
			attributes = {
				LastSwiftUpdateCheck = 1140;
				LastUpgradeCheck = 1140;
				ORGANIZATIONNAME = "Togba Liberty";
				TargetAttributes = {
					307FBA4D2432DFCB0030785F = {
						CreatedOnToolsVersion = 11.4;
					};
				};
			};
			buildConfigurationList = 307FBA492432DFCB0030785F /* Build configuration list for PBXProject "Landmarks" */;
			compatibilityVersion = "Xcode 9.3";
			developmentRegion = en;
			hasScannedForEncodings = 0;
			knownRegions = (
				en,
				Base,
			);
			mainGroup = 307FBA452432DFCB0030785F;
			productRefGroup = 307FBA4F2432DFCB0030785F /* Products */;
			projectDirPath = "";
			projectRoot = "";
			targets = (
				307FBA4D2432DFCB0030785F /* Landmarks */,
			);
		};
/* End PBXProject section */

/* Begin PBXResourcesBuildPhase section */
		307FBA4C2432DFCB0030785F /* Resources */ = {
			isa = PBXResourcesBuildPhase;
			buildActionMask = 2147483647;
			files = (
				307FBA5E2432DFD10030785F /* LaunchScreen.storyboard in Resources */,
				307FBA5B2432DFD10030785F /* Preview Assets.xcassets in Resources */,
				307FBA582432DFD10030785F /* Assets.xcassets in Resources */,
			);
			runOnlyForDeploymentPostprocessing = 0;
		};
/* End PBXResourcesBuildPhase section */

/* Begin PBXSourcesBuildPhase section */
		307FBA4A2432DFCB0030785F /* Sources */ = {
			isa = PBXSourcesBuildPhase;
			buildActionMask = 2147483647;
			files = (
				307FBA522432DFCB0030785F /* AppDelegate.swift in Sources */,
				307FBA662433A9370030785F /* TemplateImage.swift in Sources */,
				307FBA542432DFCB0030785F /* SceneDelegate.swift in Sources */,
				307FBA682433B0660030785F /* TemplateUIKitMap.swift in Sources */,
				307FBA562432DFCB0030785F /* CalculatorView.swift in Sources */,
			);
			runOnlyForDeploymentPostprocessing = 0;
		};
/* End PBXSourcesBuildPhase section */

/* Begin PBXVariantGroup section */
		307FBA5C2432DFD10030785F /* LaunchScreen.storyboard */ = {
			isa = PBXVariantGroup;
			children = (
				307FBA5D2432DFD10030785F /* Base */,
			);
			name = LaunchScreen.storyboard;
			sourceTree = "<group>";
		};
/* End PBXVariantGroup section */

/* Begin XCBuildConfiguration section */
		307FBA602432DFD10030785F /* Debug */ = {
			isa = XCBuildConfiguration;
			buildSettings = {
				ALWAYS_SEARCH_USER_PATHS = NO;
				CLANG_ANALYZER_NONNULL = YES;
				CLANG_ANALYZER_NUMBER_OBJECT_CONVERSION = YES_AGGRESSIVE;
				CLANG_CXX_LANGUAGE_STANDARD = "gnu++14";
				CLANG_CXX_LIBRARY = "libc++";
				CLANG_ENABLE_MODULES = YES;
				CLANG_ENABLE_OBJC_ARC = YES;
				CLANG_ENABLE_OBJC_WEAK = YES;
				CLANG_WARN_BLOCK_CAPTURE_AUTORELEASING = YES;
				CLANG_WARN_BOOL_CONVERSION = YES;
				CLANG_WARN_COMMA = YES;
				CLANG_WARN_CONSTANT_CONVERSION = YES;
				CLANG_WARN_DEPRECATED_OBJC_IMPLEMENTATIONS = YES;
				CLANG_WARN_DIRECT_OBJC_ISA_USAGE = YES_ERROR;
				CLANG_WARN_DOCUMENTATION_COMMENTS = YES;
				CLANG_WARN_EMPTY_BODY = YES;
				CLANG_WARN_ENUM_CONVERSION = YES;
				CLANG_WARN_INFINITE_RECURSION = YES;
				CLANG_WARN_INT_CONVERSION = YES;
				CLANG_WARN_NON_LITERAL_NULL_CONVERSION = YES;
				CLANG_WARN_OBJC_IMPLICIT_RETAIN_SELF = YES;
				CLANG_WARN_OBJC_LITERAL_CONVERSION = YES;
				CLANG_WARN_OBJC_ROOT_CLASS = YES_ERROR;
				CLANG_WARN_RANGE_LOOP_ANALYSIS = YES;
				CLANG_WARN_STRICT_PROTOTYPES = YES;
				CLANG_WARN_SUSPICIOUS_MOVE = YES;
				CLANG_WARN_UNGUARDED_AVAILABILITY = YES_AGGRESSIVE;
				CLANG_WARN_UNREACHABLE_CODE = YES;
				CLANG_WARN__DUPLICATE_METHOD_MATCH = YES;
				COPY_PHASE_STRIP = NO;
				DEBUG_INFORMATION_FORMAT = dwarf;
				ENABLE_STRICT_OBJC_MSGSEND = YES;
				ENABLE_TESTABILITY = YES;
				GCC_C_LANGUAGE_STANDARD = gnu11;
				GCC_DYNAMIC_NO_PIC = NO;
				GCC_NO_COMMON_BLOCKS = YES;
				GCC_OPTIMIZATION_LEVEL = 0;
				GCC_PREPROCESSOR_DEFINITIONS = (
					"DEBUG=1",
					"$(inherited)",
				);
				GCC_WARN_64_TO_32_BIT_CONVERSION = YES;
				GCC_WARN_ABOUT_RETURN_TYPE = YES_ERROR;
				GCC_WARN_UNDECLARED_SELECTOR = YES;
				GCC_WARN_UNINITIALIZED_AUTOS = YES_AGGRESSIVE;
				GCC_WARN_UNUSED_FUNCTION = YES;
				GCC_WARN_UNUSED_VARIABLE = YES;
				IPHONEOS_DEPLOYMENT_TARGET = 13.4;
				MTL_ENABLE_DEBUG_INFO = INCLUDE_SOURCE;
				MTL_FAST_MATH = YES;
				ONLY_ACTIVE_ARCH = YES;
				SDKROOT = iphoneos;
				SWIFT_ACTIVE_COMPILATION_CONDITIONS = DEBUG;
				SWIFT_OPTIMIZATION_LEVEL = "-Onone";
			};
			name = Debug;
		};
		307FBA612432DFD10030785F /* Release */ = {
			isa = XCBuildConfiguration;
			buildSettings = {
				ALWAYS_SEARCH_USER_PATHS = NO;
				CLANG_ANALYZER_NONNULL = YES;
				CLANG_ANALYZER_NUMBER_OBJECT_CONVERSION = YES_AGGRESSIVE;
				CLANG_CXX_LANGUAGE_STANDARD = "gnu++14";
				CLANG_CXX_LIBRARY = "libc++";
				CLANG_ENABLE_MODULES = YES;
				CLANG_ENABLE_OBJC_ARC = YES;
				CLANG_ENABLE_OBJC_WEAK = YES;
				CLANG_WARN_BLOCK_CAPTURE_AUTORELEASING = YES;
				CLANG_WARN_BOOL_CONVERSION = YES;
				CLANG_WARN_COMMA = YES;
				CLANG_WARN_CONSTANT_CONVERSION = YES;
				CLANG_WARN_DEPRECATED_OBJC_IMPLEMENTATIONS = YES;
				CLANG_WARN_DIRECT_OBJC_ISA_USAGE = YES_ERROR;
				CLANG_WARN_DOCUMENTATION_COMMENTS = YES;
				CLANG_WARN_EMPTY_BODY = YES;
				CLANG_WARN_ENUM_CONVERSION = YES;
				CLANG_WARN_INFINITE_RECURSION = YES;
				CLANG_WARN_INT_CONVERSION = YES;
				CLANG_WARN_NON_LITERAL_NULL_CONVERSION = YES;
				CLANG_WARN_OBJC_IMPLICIT_RETAIN_SELF = YES;
				CLANG_WARN_OBJC_LITERAL_CONVERSION = YES;
				CLANG_WARN_OBJC_ROOT_CLASS = YES_ERROR;
				CLANG_WARN_RANGE_LOOP_ANALYSIS = YES;
				CLANG_WARN_STRICT_PROTOTYPES = YES;
				CLANG_WARN_SUSPICIOUS_MOVE = YES;
				CLANG_WARN_UNGUARDED_AVAILABILITY = YES_AGGRESSIVE;
				CLANG_WARN_UNREACHABLE_CODE = YES;
				CLANG_WARN__DUPLICATE_METHOD_MATCH = YES;
				COPY_PHASE_STRIP = NO;
				DEBUG_INFORMATION_FORMAT = "dwarf-with-dsym";
				ENABLE_NS_ASSERTIONS = NO;
				ENABLE_STRICT_OBJC_MSGSEND = YES;
				GCC_C_LANGUAGE_STANDARD = gnu11;
				GCC_NO_COMMON_BLOCKS = YES;
				GCC_WARN_64_TO_32_BIT_CONVERSION = YES;
				GCC_WARN_ABOUT_RETURN_TYPE = YES_ERROR;
				GCC_WARN_UNDECLARED_SELECTOR = YES;
				GCC_WARN_UNINITIALIZED_AUTOS = YES_AGGRESSIVE;
				GCC_WARN_UNUSED_FUNCTION = YES;
				GCC_WARN_UNUSED_VARIABLE = YES;
				IPHONEOS_DEPLOYMENT_TARGET = 13.4;
				MTL_ENABLE_DEBUG_INFO = NO;
				MTL_FAST_MATH = YES;
				SDKROOT = iphoneos;
				SWIFT_COMPILATION_MODE = wholemodule;
				SWIFT_OPTIMIZATION_LEVEL = "-O";
				VALIDATE_PRODUCT = YES;
			};
			name = Release;
		};
		307FBA632432DFD10030785F /* Debug */ = {
			isa = XCBuildConfiguration;
			buildSettings = {
				ASSETCATALOG_COMPILER_APPICON_NAME = AppIcon;
				CODE_SIGN_STYLE = Automatic;
				DEVELOPMENT_ASSET_PATHS = "\"Landmarks/Preview Content\"";
				DEVELOPMENT_TEAM = 3K8AT498RB;
				ENABLE_PREVIEWS = YES;
				INFOPLIST_FILE = Landmarks/Info.plist;
				LD_RUNPATH_SEARCH_PATHS = (
					"$(inherited)",
					"@executable_path/Frameworks",
				);
				PRODUCT_BUNDLE_IDENTIFIER = com.totellity.Landmarks;
				PRODUCT_NAME = "$(TARGET_NAME)";
				SWIFT_VERSION = 5.0;
				TARGETED_DEVICE_FAMILY = "1,2";
			};
			name = Debug;
		};
		307FBA642432DFD10030785F /* Release */ = {
			isa = XCBuildConfiguration;
			buildSettings = {
				ASSETCATALOG_COMPILER_APPICON_NAME = AppIcon;
				CODE_SIGN_STYLE = Automatic;
				DEVELOPMENT_ASSET_PATHS = "\"Landmarks/Preview Content\"";
				DEVELOPMENT_TEAM = 3K8AT498RB;
				ENABLE_PREVIEWS = YES;
				INFOPLIST_FILE = Landmarks/Info.plist;
				LD_RUNPATH_SEARCH_PATHS = (
					"$(inherited)",
					"@executable_path/Frameworks",
				);
				PRODUCT_BUNDLE_IDENTIFIER = com.totellity.Landmarks;
				PRODUCT_NAME = "$(TARGET_NAME)";
				SWIFT_VERSION = 5.0;
				TARGETED_DEVICE_FAMILY = "1,2";
			};
			name = Release;
		};
/* End XCBuildConfiguration section */

/* Begin XCConfigurationList section */
		307FBA492432DFCB0030785F /* Build configuration list for PBXProject "Landmarks" */ = {
			isa = XCConfigurationList;
			buildConfigurations = (
				307FBA602432DFD10030785F /* Debug */,
				307FBA612432DFD10030785F /* Release */,
			);
			defaultConfigurationIsVisible = 0;
			defaultConfigurationName = Release;
		};
		307FBA622432DFD10030785F /* Build configuration list for PBXNativeTarget "Landmarks" */ = {
			isa = XCConfigurationList;
			buildConfigurations = (
				307FBA632432DFD10030785F /* Debug */,
				307FBA642432DFD10030785F /* Release */,
			);
			defaultConfigurationIsVisible = 0;
			defaultConfigurationName = Release;
		};
/* End XCConfigurationList section */
	};
	rootObject = 307FBA462432DFCB0030785F /* Project object */;
}
